{
  "name": "key-searcher-consumer-test",
  "lockfileVersion": 3,
  "requires": true,
  "packages": {
    "": {
      "name": "key-searcher-consumer-test",
      "dependencies": {
        "key-searcher": "file:.."
      },
      "devDependencies": {
        "typescript": "^6.0.3"
      }
    },
    "..": {
      "version": "1.0.3",
      "license": "MIT",
      "devDependencies": {
        "jest": "^30.3.0",
        "tsd": "^0.33.0",
        "typescript": "^6.0.3"
      }
    },
    "node_modules/key-searcher": {
      "resolved": "..",
      "link": true
    },
    "node_modules/typescript": {
      "version": "6.0.3",
      "resolved": "https://registry.npmjs.org/typescript/-/typescript-6.0.3.tgz",
      "integrity": "sha512-y2TvuxSZPDyQakkFRPZHKFm+KKVqIisdg9/CZwm9ftvKXLP8NRWj38/ODjNbr43SsoXqNuAisEf1GdCxqWcdBw==",
      "dev": true,
      "license": "Apache-2.0",
      "bin": {
        "tsc": "bin/tsc",
        "tsserver": "bin/tsserver"
      },
      "engines": {
        "node": ">=14.17"
      }
    }
  }
}
